
Microsoft Visual Studio Solution File, Format Version 12.00
# Visual Studio 15
VisualStudioVersion = 15.0.28307.902
MinimumVisualStudioVersion = 10.0.40219.1
Project("{FAE04EC0-301F-11D3-BF4B-00C04F79EFBC}") = "Viz", "Viz\Viz.csproj", "{3E95391F-850D-4D63-9FCF-0DBA3C73B25F}"
EndProject
Global
	GlobalSection(SolutionConfigurationPlatforms) = preSolution
		Debug|Any CPU = Debug|Any CPU
		Release|Any CPU = Release|Any CPU
	EndGlobalSection
	GlobalSection(ProjectConfigurationPlatforms) = postSolution
		{3E95391F-850D-4D63-9FCF-0DBA3C73B25F}.Debug|Any CPU.ActiveCfg = Debug|Any CPU
		{3E95391F-850D-4D63-9FCF-0DBA3C73B25F}.Debug|Any CPU.Build.0 = Debug|Any CPU
		{3E95391F-850D-4D63-9FCF-0DBA3C73B25F}.Release|Any CPU.ActiveCfg = Release|Any CPU
		{3E95391F-850D-4D63-9FCF-0DBA3C73B25F}.Release|Any CPU.Build.0 = Release|Any CPU
	EndGlobalSection
	GlobalSection(SolutionProperties) = preSolution
		HideSolutionNode = FALSE
	EndGlobalSection
	GlobalSection(ExtensibilityGlobals) = postSolution
		SolutionGuid = {EEBB7FBF-FE71-44AC-B0B9-14ADE350833F}
	EndGlobalSection
EndGlobal
